
Microsoft Visual Studio Solution File, Format Version 12.00
# Visual Studio Version 17
VisualStudioVersion = 17.14.36414.22 d17.14
MinimumVisualStudioVersion = 10.0.40219.1
Project("{FAE04EC0-301F-11D3-BF4B-00C04F79EFBC}") = "CucumbersomeBoardGameLib", "CucumbersomeBoardGameLib\CucumbersomeBoardGameLib.csproj", "{EDC7A2B6-1675-4B42-9056-BD326075072F}"
EndProject
Project("{FAE04EC0-301F-11D3-BF4B-00C04F79EFBC}") = "BoardGameExamples", "BoardGameExamples\BoardGameExamples.csproj", "{85490F4D-63A1-44A7-A933-AD25A5B85B5C}"
EndProject
Global
	GlobalSection(SolutionConfigurationPlatforms) = preSolution
		Debug|Any CPU = Debug|Any CPU
		Release|Any CPU = Release|Any CPU
	EndGlobalSection
	GlobalSection(ProjectConfigurationPlatforms) = postSolution
		{EDC7A2B6-1675-4B42-9056-BD326075072F}.Debug|Any CPU.ActiveCfg = Debug|Any CPU
		{EDC7A2B6-1675-4B42-9056-BD326075072F}.Debug|Any CPU.Build.0 = Debug|Any CPU
		{EDC7A2B6-1675-4B42-9056-BD326075072F}.Release|Any CPU.ActiveCfg = Release|Any CPU
		{EDC7A2B6-1675-4B42-9056-BD326075072F}.Release|Any CPU.Build.0 = Release|Any CPU
		{85490F4D-63A1-44A7-A933-AD25A5B85B5C}.Debug|Any CPU.ActiveCfg = Debug|Any CPU
		{85490F4D-63A1-44A7-A933-AD25A5B85B5C}.Debug|Any CPU.Build.0 = Debug|Any CPU
		{85490F4D-63A1-44A7-A933-AD25A5B85B5C}.Release|Any CPU.ActiveCfg = Release|Any CPU
		{85490F4D-63A1-44A7-A933-AD25A5B85B5C}.Release|Any CPU.Build.0 = Release|Any CPU
	EndGlobalSection
	GlobalSection(SolutionProperties) = preSolution
		HideSolutionNode = FALSE
	EndGlobalSection
	GlobalSection(ExtensibilityGlobals) = postSolution
		SolutionGuid = {DD0BE577-FA61-4840-9A30-3E21DE7A4C1F}
	EndGlobalSection
EndGlobal
